
Microsoft Visual Studio Solution File, Format Version 11.00
# Visual Studio 2010
# SharpDevelop 4.2.1.8805
Project("{FD48973F-F585-4F70-812B-4D0503B36CE9}") = "Prog122h", "Prog122h.pyproj", "{600F106F-76A2-401F-8C9D-BF2227241EFF}"
EndProject
Global
	GlobalSection(SolutionConfigurationPlatforms) = preSolution
		Debug|x86 = Debug|x86
		Release|x86 = Release|x86
	EndGlobalSection
	GlobalSection(ProjectConfigurationPlatforms) = postSolution
		{600F106F-76A2-401F-8C9D-BF2227241EFF}.Debug|x86.Build.0 = Debug|x86
		{600F106F-76A2-401F-8C9D-BF2227241EFF}.Debug|x86.ActiveCfg = Debug|x86
		{600F106F-76A2-401F-8C9D-BF2227241EFF}.Release|x86.Build.0 = Release|x86
		{600F106F-76A2-401F-8C9D-BF2227241EFF}.Release|x86.ActiveCfg = Release|x86
	EndGlobalSection
EndGlobal
