
Microsoft Visual Studio Solution File, Format Version 11.00
# Visual Studio 2010
# SharpDevelop 4.2.1.8805
Project("{FD48973F-F585-4F70-812B-4D0503B36CE9}") = "Pg198ScoreAvg", "Pg198ScoreAvg.pyproj", "{54B66442-E06F-4445-829E-87595EF8A5EA}"
EndProject
Global
	GlobalSection(SolutionConfigurationPlatforms) = preSolution
		Debug|x86 = Debug|x86
		Release|x86 = Release|x86
	EndGlobalSection
	GlobalSection(ProjectConfigurationPlatforms) = postSolution
		{54B66442-E06F-4445-829E-87595EF8A5EA}.Debug|x86.Build.0 = Debug|x86
		{54B66442-E06F-4445-829E-87595EF8A5EA}.Debug|x86.ActiveCfg = Debug|x86
		{54B66442-E06F-4445-829E-87595EF8A5EA}.Release|x86.Build.0 = Release|x86
		{54B66442-E06F-4445-829E-87595EF8A5EA}.Release|x86.ActiveCfg = Release|x86
	EndGlobalSection
EndGlobal
