
Microsoft Visual Studio Solution File, Format Version 11.00
# Visual Studio 2010
# SharpDevelop 4.2.1.8805
Project("{FD48973F-F585-4F70-812B-4D0503B36CE9}") = "Pg247Radio", "Pg247Radio.pyproj", "{DBC86C26-7501-488E-8687-FAD3106A7780}"
EndProject
Global
	GlobalSection(SolutionConfigurationPlatforms) = preSolution
		Debug|x86 = Debug|x86
		Release|x86 = Release|x86
	EndGlobalSection
	GlobalSection(ProjectConfigurationPlatforms) = postSolution
		{DBC86C26-7501-488E-8687-FAD3106A7780}.Debug|x86.Build.0 = Debug|x86
		{DBC86C26-7501-488E-8687-FAD3106A7780}.Debug|x86.ActiveCfg = Debug|x86
		{DBC86C26-7501-488E-8687-FAD3106A7780}.Release|x86.Build.0 = Release|x86
		{DBC86C26-7501-488E-8687-FAD3106A7780}.Release|x86.ActiveCfg = Release|x86
	EndGlobalSection
EndGlobal
